
Microsoft Visual Studio Solution File, Format Version 12.00
# Visual Studio Version 17
VisualStudioVersion = 17.5.002.0
MinimumVisualStudioVersion = 10.0.40219.1
Project("{9A19103F-16F7-4668-BE54-9A1E7A4F7556}") = "DesafioPOO", "DesafioPOO.csproj", "{A186F033-F388-428D-876F-CA900F6C1E04}"
EndProject
Global
	GlobalSection(SolutionConfigurationPlatforms) = preSolution
		Debug|Any CPU = Debug|Any CPU
		Release|Any CPU = Release|Any CPU
	EndGlobalSection
	GlobalSection(ProjectConfigurationPlatforms) = postSolution
		{A186F033-F388-428D-876F-CA900F6C1E04}.Debug|Any CPU.ActiveCfg = Debug|Any CPU
		{A186F033-F388-428D-876F-CA900F6C1E04}.Debug|Any CPU.Build.0 = Debug|Any CPU
		{A186F033-F388-428D-876F-CA900F6C1E04}.Release|Any CPU.ActiveCfg = Release|Any CPU
		{A186F033-F388-428D-876F-CA900F6C1E04}.Release|Any CPU.Build.0 = Release|Any CPU
	EndGlobalSection
	GlobalSection(SolutionProperties) = preSolution
		HideSolutionNode = FALSE
	EndGlobalSection
	GlobalSection(ExtensibilityGlobals) = postSolution
		SolutionGuid = {D22ACF87-5A1E-42E4-968F-E7658EC857AC}
	EndGlobalSection
EndGlobal
